
Microsoft Visual Studio Solution File, Format Version 12.00
# Visual Studio Version 17
VisualStudioVersion = 17.4.33213.308
MinimumVisualStudioVersion = 10.0.40219.1
Project("{FAE04EC0-301F-11D3-BF4B-00C04F79EFBC}") = "Proyecto7_Suma_entre_Cuatro_Numeros_y_su_Promedio", "Proyecto7_Suma_entre_Cuatro_Numeros_y_su_Promedio\Proyecto7_Suma_entre_Cuatro_Numeros_y_su_Promedio.csproj", "{C061A02D-38EB-4951-8249-7852C00C4CDA}"
EndProject
Global
	GlobalSection(SolutionConfigurationPlatforms) = preSolution
		Debug|Any CPU = Debug|Any CPU
		Release|Any CPU = Release|Any CPU
	EndGlobalSection
	GlobalSection(ProjectConfigurationPlatforms) = postSolution
		{C061A02D-38EB-4951-8249-7852C00C4CDA}.Debug|Any CPU.ActiveCfg = Debug|Any CPU
		{C061A02D-38EB-4951-8249-7852C00C4CDA}.Debug|Any CPU.Build.0 = Debug|Any CPU
		{C061A02D-38EB-4951-8249-7852C00C4CDA}.Release|Any CPU.ActiveCfg = Release|Any CPU
		{C061A02D-38EB-4951-8249-7852C00C4CDA}.Release|Any CPU.Build.0 = Release|Any CPU
	EndGlobalSection
	GlobalSection(SolutionProperties) = preSolution
		HideSolutionNode = FALSE
	EndGlobalSection
	GlobalSection(ExtensibilityGlobals) = postSolution
		SolutionGuid = {F67EE9C7-FFE8-43E5-AE44-7DCB932C99D2}
	EndGlobalSection
EndGlobal
