
Microsoft Visual Studio Solution File, Format Version 12.00
# Visual Studio Version 17
VisualStudioVersion = 17.4.33213.308
MinimumVisualStudioVersion = 10.0.40219.1
Project("{FAE04EC0-301F-11D3-BF4B-00C04F79EFBC}") = "Proyecto6_Suma_y_Multiplicacion_con_4_Numeros", "Proyecto6_Suma_y_Multiplicacion_con_4_Numeros\Proyecto6_Suma_y_Multiplicacion_con_4_Numeros.csproj", "{A0E4A04B-E338-4B22-A702-9EBE5F85B064}"
EndProject
Global
	GlobalSection(SolutionConfigurationPlatforms) = preSolution
		Debug|Any CPU = Debug|Any CPU
		Release|Any CPU = Release|Any CPU
	EndGlobalSection
	GlobalSection(ProjectConfigurationPlatforms) = postSolution
		{A0E4A04B-E338-4B22-A702-9EBE5F85B064}.Debug|Any CPU.ActiveCfg = Debug|Any CPU
		{A0E4A04B-E338-4B22-A702-9EBE5F85B064}.Debug|Any CPU.Build.0 = Debug|Any CPU
		{A0E4A04B-E338-4B22-A702-9EBE5F85B064}.Release|Any CPU.ActiveCfg = Release|Any CPU
		{A0E4A04B-E338-4B22-A702-9EBE5F85B064}.Release|Any CPU.Build.0 = Release|Any CPU
	EndGlobalSection
	GlobalSection(SolutionProperties) = preSolution
		HideSolutionNode = FALSE
	EndGlobalSection
	GlobalSection(ExtensibilityGlobals) = postSolution
		SolutionGuid = {FA563F00-3846-457F-8AE8-AE00007C89BC}
	EndGlobalSection
EndGlobal
