
Microsoft Visual Studio Solution File, Format Version 12.00
# Visual Studio Version 17
VisualStudioVersion = 17.4.33213.308
MinimumVisualStudioVersion = 10.0.40219.1
Project("{FAE04EC0-301F-11D3-BF4B-00C04F79EFBC}") = "Proyecto36_25terminosDel11", "Proyecto36_25terminosDel11\Proyecto36_25terminosDel11.csproj", "{8020F495-E4C6-4C70-963B-CD1ADF1B0BC5}"
EndProject
Global
	GlobalSection(SolutionConfigurationPlatforms) = preSolution
		Debug|Any CPU = Debug|Any CPU
		Release|Any CPU = Release|Any CPU
	EndGlobalSection
	GlobalSection(ProjectConfigurationPlatforms) = postSolution
		{8020F495-E4C6-4C70-963B-CD1ADF1B0BC5}.Debug|Any CPU.ActiveCfg = Debug|Any CPU
		{8020F495-E4C6-4C70-963B-CD1ADF1B0BC5}.Debug|Any CPU.Build.0 = Debug|Any CPU
		{8020F495-E4C6-4C70-963B-CD1ADF1B0BC5}.Release|Any CPU.ActiveCfg = Release|Any CPU
		{8020F495-E4C6-4C70-963B-CD1ADF1B0BC5}.Release|Any CPU.Build.0 = Release|Any CPU
	EndGlobalSection
	GlobalSection(SolutionProperties) = preSolution
		HideSolutionNode = FALSE
	EndGlobalSection
	GlobalSection(ExtensibilityGlobals) = postSolution
		SolutionGuid = {68C606EC-3E4E-4A45-B364-76B8DBCE59EA}
	EndGlobalSection
EndGlobal
