
Microsoft Visual Studio Solution File, Format Version 12.00
# Visual Studio Version 17
VisualStudioVersion = 17.4.33213.308
MinimumVisualStudioVersion = 10.0.40219.1
Project("{FAE04EC0-301F-11D3-BF4B-00C04F79EFBC}") = "Proyecto10_AdibinarNumeroMayor", "Proyecto10_AdibinarNumeroMayor\Proyecto10_AdibinarNumeroMayor.csproj", "{DF7AC77E-2262-44EC-ADB7-51F44D8C6D98}"
EndProject
Global
	GlobalSection(SolutionConfigurationPlatforms) = preSolution
		Debug|Any CPU = Debug|Any CPU
		Release|Any CPU = Release|Any CPU
	EndGlobalSection
	GlobalSection(ProjectConfigurationPlatforms) = postSolution
		{DF7AC77E-2262-44EC-ADB7-51F44D8C6D98}.Debug|Any CPU.ActiveCfg = Debug|Any CPU
		{DF7AC77E-2262-44EC-ADB7-51F44D8C6D98}.Debug|Any CPU.Build.0 = Debug|Any CPU
		{DF7AC77E-2262-44EC-ADB7-51F44D8C6D98}.Release|Any CPU.ActiveCfg = Release|Any CPU
		{DF7AC77E-2262-44EC-ADB7-51F44D8C6D98}.Release|Any CPU.Build.0 = Release|Any CPU
	EndGlobalSection
	GlobalSection(SolutionProperties) = preSolution
		HideSolutionNode = FALSE
	EndGlobalSection
	GlobalSection(ExtensibilityGlobals) = postSolution
		SolutionGuid = {A59CEDF1-B789-4598-94C8-E5F7E94F4730}
	EndGlobalSection
EndGlobal
