
Microsoft Visual Studio Solution File, Format Version 12.00
# Visual Studio Version 17
VisualStudioVersion = 17.4.33213.308
MinimumVisualStudioVersion = 10.0.40219.1
Project("{FAE04EC0-301F-11D3-BF4B-00C04F79EFBC}") = "Proyecto27_AymentoParaOperario", "Proyecto27_AymentoParaOperario\Proyecto27_AymentoParaOperario.csproj", "{3BDAF38E-9858-4296-9DEA-9B6C8550DC84}"
EndProject
Global
	GlobalSection(SolutionConfigurationPlatforms) = preSolution
		Debug|Any CPU = Debug|Any CPU
		Release|Any CPU = Release|Any CPU
	EndGlobalSection
	GlobalSection(ProjectConfigurationPlatforms) = postSolution
		{3BDAF38E-9858-4296-9DEA-9B6C8550DC84}.Debug|Any CPU.ActiveCfg = Debug|Any CPU
		{3BDAF38E-9858-4296-9DEA-9B6C8550DC84}.Debug|Any CPU.Build.0 = Debug|Any CPU
		{3BDAF38E-9858-4296-9DEA-9B6C8550DC84}.Release|Any CPU.ActiveCfg = Release|Any CPU
		{3BDAF38E-9858-4296-9DEA-9B6C8550DC84}.Release|Any CPU.Build.0 = Release|Any CPU
	EndGlobalSection
	GlobalSection(SolutionProperties) = preSolution
		HideSolutionNode = FALSE
	EndGlobalSection
	GlobalSection(ExtensibilityGlobals) = postSolution
		SolutionGuid = {A9AE7CB7-CABC-4F67-B2CF-339B7BDECCCD}
	EndGlobalSection
EndGlobal
