
Microsoft Visual Studio Solution File, Format Version 12.00
# Visual Studio Version 17
VisualStudioVersion = 17.5.33516.290
MinimumVisualStudioVersion = 10.0.40219.1
Project("{FAE04EC0-301F-11D3-BF4B-00C04F79EFBC}") = "Proyecto75_SumaNElementos", "Proyecto75_SumaNElementos\Proyecto75_SumaNElementos.csproj", "{1B2FC576-FB4F-4B34-83AE-7CD4F6578359}"
EndProject
Global
	GlobalSection(SolutionConfigurationPlatforms) = preSolution
		Debug|Any CPU = Debug|Any CPU
		Release|Any CPU = Release|Any CPU
	EndGlobalSection
	GlobalSection(ProjectConfigurationPlatforms) = postSolution
		{1B2FC576-FB4F-4B34-83AE-7CD4F6578359}.Debug|Any CPU.ActiveCfg = Debug|Any CPU
		{1B2FC576-FB4F-4B34-83AE-7CD4F6578359}.Debug|Any CPU.Build.0 = Debug|Any CPU
		{1B2FC576-FB4F-4B34-83AE-7CD4F6578359}.Release|Any CPU.ActiveCfg = Release|Any CPU
		{1B2FC576-FB4F-4B34-83AE-7CD4F6578359}.Release|Any CPU.Build.0 = Release|Any CPU
	EndGlobalSection
	GlobalSection(SolutionProperties) = preSolution
		HideSolutionNode = FALSE
	EndGlobalSection
	GlobalSection(ExtensibilityGlobals) = postSolution
		SolutionGuid = {75A7299F-9C08-4FDD-8304-B2476248306D}
	EndGlobalSection
EndGlobal
