
Microsoft Visual Studio Solution File, Format Version 12.00
# Visual Studio Version 17
VisualStudioVersion = 17.4.33213.308
MinimumVisualStudioVersion = 10.0.40219.1
Project("{FAE04EC0-301F-11D3-BF4B-00C04F79EFBC}") = "Proyecto46_Ingreo10numSumo5", "Proyecto46_Ingreo10numSumo5\Proyecto46_Ingreo10numSumo5.csproj", "{A2EF11D7-953A-40CF-93FA-B9425AD97C5C}"
EndProject
Global
	GlobalSection(SolutionConfigurationPlatforms) = preSolution
		Debug|Any CPU = Debug|Any CPU
		Release|Any CPU = Release|Any CPU
	EndGlobalSection
	GlobalSection(ProjectConfigurationPlatforms) = postSolution
		{A2EF11D7-953A-40CF-93FA-B9425AD97C5C}.Debug|Any CPU.ActiveCfg = Debug|Any CPU
		{A2EF11D7-953A-40CF-93FA-B9425AD97C5C}.Debug|Any CPU.Build.0 = Debug|Any CPU
		{A2EF11D7-953A-40CF-93FA-B9425AD97C5C}.Release|Any CPU.ActiveCfg = Release|Any CPU
		{A2EF11D7-953A-40CF-93FA-B9425AD97C5C}.Release|Any CPU.Build.0 = Release|Any CPU
	EndGlobalSection
	GlobalSection(SolutionProperties) = preSolution
		HideSolutionNode = FALSE
	EndGlobalSection
	GlobalSection(ExtensibilityGlobals) = postSolution
		SolutionGuid = {23E52112-D560-4168-B818-F7A6F9C5B0CD}
	EndGlobalSection
EndGlobal
