
Microsoft Visual Studio Solution File, Format Version 12.00
# Visual Studio Version 17
VisualStudioVersion = 17.5.33516.290
MinimumVisualStudioVersion = 10.0.40219.1
Project("{FAE04EC0-301F-11D3-BF4B-00C04F79EFBC}") = "Proyecto76", "Proyecto76\Proyecto76.csproj", "{7A0DCA90-6582-4AEE-81C8-EF21012E3FC0}"
EndProject
Global
	GlobalSection(SolutionConfigurationPlatforms) = preSolution
		Debug|Any CPU = Debug|Any CPU
		Release|Any CPU = Release|Any CPU
	EndGlobalSection
	GlobalSection(ProjectConfigurationPlatforms) = postSolution
		{7A0DCA90-6582-4AEE-81C8-EF21012E3FC0}.Debug|Any CPU.ActiveCfg = Debug|Any CPU
		{7A0DCA90-6582-4AEE-81C8-EF21012E3FC0}.Debug|Any CPU.Build.0 = Debug|Any CPU
		{7A0DCA90-6582-4AEE-81C8-EF21012E3FC0}.Release|Any CPU.ActiveCfg = Release|Any CPU
		{7A0DCA90-6582-4AEE-81C8-EF21012E3FC0}.Release|Any CPU.Build.0 = Release|Any CPU
	EndGlobalSection
	GlobalSection(SolutionProperties) = preSolution
		HideSolutionNode = FALSE
	EndGlobalSection
	GlobalSection(ExtensibilityGlobals) = postSolution
		SolutionGuid = {1CA6DB6C-8ED2-44A6-B885-CDF451035013}
	EndGlobalSection
EndGlobal
